{
  "name": "santhoshrajravirala.pythonanywhere.com",
  "version": "4.0.0",
  "lockfileVersion": 1,
  "requires": true,
  "dependencies": {
    "biginteger": {
      "version": "1.0.3",
      "resolved": "https://registry.npmjs.org/biginteger/-/biginteger-1.0.3.tgz",
      "integrity": "sha1-ERxoIHC4UtBnehYh/TNFKqtnRgc="
    },
    "bootstrap": {
      "version": "3.3.7",
      "resolved": "https://registry.npmjs.org/bootstrap/-/bootstrap-3.3.7.tgz",
      "integrity": "sha1-WjiTlFSfIzMIdaOxUGVldPip63E="
    },
    "bootswatch": {
      "version": "3.3.7",
      "resolved": "https://registry.npmjs.org/bootswatch/-/bootswatch-3.3.7.tgz",
      "integrity": "sha1-62+amoUjuHpwbqkd7sPg1+qoqx8="
    },
    "jquery": {
      "version": "3.2.1",
      "resolved": "https://registry.npmjs.org/jquery/-/jquery-3.2.1.tgz",
      "integrity": "sha1-XE2d5lKvbNCncBVKYxu6ErAVx4c="
    }
  }
}
